{
  "requires": true,
  "lockfileVersion": 1,
  "dependencies": {
    "umtrack-wx": {
      "version": "2.3.5",
      "resolved": "https://registry.npmjs.org/umtrack-wx/-/umtrack-wx-2.3.5.tgz",
      "integrity": "sha512-FAfsJ74MtQAEw/0BNIb5bFQr5wPBDK22jX+uj7THgFfVH8ba3+vKSxPnUSTTkxWCtVKhlETKBAmyjZ5cVDK+Rg=="
    }
  }
}
